# This file is automatically @generated by Cargo.
# It is not intended for manual editing.
version = 4

[[package]]
dependencies = [
  "proc-macro2",
  "quote",
  "syn",
]
name = "trait-ffi"
version = "0.1.0"

[[package]]
dependencies = [
  "trait-ffi",
]
name = "interface"
version = "0.1.0"

[[package]]
checksum = "02b3e5e68a3a1a02aad3ec490a98007cbc13c37cbe84a3cd7b8e406d76e7f778"
dependencies = [
  "unicode-ident",
]
name = "proc-macro2"
source = "registry+https://github.com/rust-lang/crates.io-index"
version = "1.0.95"

[[package]]
checksum = "1885c039570dc00dcb4ff087a89e185fd56bae234ddc7f056a945bf36467248d"
dependencies = [
  "proc-macro2",
]
name = "quote"
source = "registry+https://github.com/rust-lang/crates.io-index"
version = "1.0.40"

[[package]]
checksum = "17b6f705963418cdb9927482fa304bc562ece2fdd4f616084c50b7023b435a40"
dependencies = [
  "proc-macro2",
  "quote",
  "unicode-ident",
]
name = "syn"
source = "registry+https://github.com/rust-lang/crates.io-index"
version = "2.0.104"

[[package]]
checksum = "5a5f39404a5da50712a4c1eecf25e90dd62b613502b7e925fd4e4d19b5c96512"
name = "unicode-ident"
source = "registry+https://github.com/rust-lang/crates.io-index"
version = "1.0.18"
